
Microsoft Visual Studio Solution File, Format Version 12.00
# Visual Studio Version 17
VisualStudioVersion = 17.2.32519.379
MinimumVisualStudioVersion = 10.0.40219.1
Project("{2150E333-8FDC-42A3-9474-1A3956D46DE8}") = "Solution Items", "Solution Items", "{8CFB0A29-7BAB-4D83-8A3E-7E5ECFC5A8BB}"
	ProjectSection(SolutionItems) = preProject
		.gitignore = .gitignore
		docker-compose.yml = docker-compose.yml
		README.md = README.md
	EndProjectSection
EndProject
Project("{2150E333-8FDC-42A3-9474-1A3956D46DE8}") = "Insurance", "Insurance", "{3DFAF08E-936A-4BDD-8D8A-A7EFED98FF8E}"
EndProject
Project("{2150E333-8FDC-42A3-9474-1A3956D46DE8}") = "Auditing", "Auditing", "{71EE5BCE-9979-4817-9B5A-76CE85BD0BF6}"
EndProject
Project("{2150E333-8FDC-42A3-9474-1A3956D46DE8}") = "src", "src", "{3D7FFFD4-031F-42E7-B829-4C4CA8DE5D0A}"
EndProject
Project("{2150E333-8FDC-42A3-9474-1A3956D46DE8}") = "tests", "tests", "{0BB1A38E-140B-45A8-B219-457C985416F4}"
EndProject
Project("{2150E333-8FDC-42A3-9474-1A3956D46DE8}") = "src", "src", "{4D8E981A-570E-4EC1-B5CE-97E2D7FA627A}"
EndProject
Project("{2150E333-8FDC-42A3-9474-1A3956D46DE8}") = "tests", "tests", "{73634369-33A8-445B-A712-FE11F5FD2AFB}"
EndProject
Project("{9A19103F-16F7-4668-BE54-9A1E7A4F7556}") = "Auditing.Host", "Auditing\src\Auditing.Host\Auditing.Host.csproj", "{77989F0C-1EF2-499D-ACAE-8E4833A1435E}"
EndProject
Project("{9A19103F-16F7-4668-BE54-9A1E7A4F7556}") = "Auditing.ComponentTests", "Auditing\tests\Auditing.ComponentTests\Auditing.ComponentTests.csproj", "{87116718-B066-429B-B564-B9B652765545}"
EndProject
Project("{9A19103F-16F7-4668-BE54-9A1E7A4F7556}") = "Auditing.Messeging.Tests", "Auditing\tests\Auditing.Messeging.Tests\Auditing.Messeging.Tests.csproj", "{A845DF9A-BF1E-4475-85F3-5A2E0F862386}"
EndProject
Project("{9A19103F-16F7-4668-BE54-9A1E7A4F7556}") = "Insurance.Application", "Insurance\src\Insurance.Application\Insurance.Application.csproj", "{6E460495-1BD7-45FF-A593-F0D4D48007D0}"
EndProject
Project("{9A19103F-16F7-4668-BE54-9A1E7A4F7556}") = "Insurance.Host", "Insurance\src\Insurance.Host\Insurance.Host.csproj", "{9DBD846F-3832-455E-A322-55D9BF3B2C6B}"
EndProject
Project("{9A19103F-16F7-4668-BE54-9A1E7A4F7556}") = "Insurance.Infrastructure", "Insurance\src\Insurance.Infrastructure\Insurance.Infrastructure.csproj", "{E3146528-98BC-4817-B6FE-18FB53460198}"
EndProject
Project("{9A19103F-16F7-4668-BE54-9A1E7A4F7556}") = "Insurance.ComponentTests", "Insurance\tests\Insurance.ComponentTests\Insurance.ComponentTests.csproj", "{B9F43601-F60D-4281-ADB3-F0204CDBD359}"
EndProject
Project("{9A19103F-16F7-4668-BE54-9A1E7A4F7556}") = "Insurance.Application.Tests", "Insurance\tests\Insurance.Application.Tests\Insurance.Application.Tests.csproj", "{B8107293-CF16-43EC-B94A-B295CF177E32}"
EndProject
Global
	GlobalSection(SolutionConfigurationPlatforms) = preSolution
		Debug|Any CPU = Debug|Any CPU
		Release|Any CPU = Release|Any CPU
	EndGlobalSection
	GlobalSection(ProjectConfigurationPlatforms) = postSolution
		{77989F0C-1EF2-499D-ACAE-8E4833A1435E}.Debug|Any CPU.ActiveCfg = Debug|Any CPU
		{77989F0C-1EF2-499D-ACAE-8E4833A1435E}.Debug|Any CPU.Build.0 = Debug|Any CPU
		{77989F0C-1EF2-499D-ACAE-8E4833A1435E}.Release|Any CPU.ActiveCfg = Release|Any CPU
		{77989F0C-1EF2-499D-ACAE-8E4833A1435E}.Release|Any CPU.Build.0 = Release|Any CPU
		{87116718-B066-429B-B564-B9B652765545}.Debug|Any CPU.ActiveCfg = Debug|Any CPU
		{87116718-B066-429B-B564-B9B652765545}.Debug|Any CPU.Build.0 = Debug|Any CPU
		{87116718-B066-429B-B564-B9B652765545}.Release|Any CPU.ActiveCfg = Release|Any CPU
		{87116718-B066-429B-B564-B9B652765545}.Release|Any CPU.Build.0 = Release|Any CPU
		{A845DF9A-BF1E-4475-85F3-5A2E0F862386}.Debug|Any CPU.ActiveCfg = Debug|Any CPU
		{A845DF9A-BF1E-4475-85F3-5A2E0F862386}.Debug|Any CPU.Build.0 = Debug|Any CPU
		{A845DF9A-BF1E-4475-85F3-5A2E0F862386}.Release|Any CPU.ActiveCfg = Release|Any CPU
		{A845DF9A-BF1E-4475-85F3-5A2E0F862386}.Release|Any CPU.Build.0 = Release|Any CPU
		{6E460495-1BD7-45FF-A593-F0D4D48007D0}.Debug|Any CPU.ActiveCfg = Debug|Any CPU
		{6E460495-1BD7-45FF-A593-F0D4D48007D0}.Debug|Any CPU.Build.0 = Debug|Any CPU
		{6E460495-1BD7-45FF-A593-F0D4D48007D0}.Release|Any CPU.ActiveCfg = Release|Any CPU
		{6E460495-1BD7-45FF-A593-F0D4D48007D0}.Release|Any CPU.Build.0 = Release|Any CPU
		{9DBD846F-3832-455E-A322-55D9BF3B2C6B}.Debug|Any CPU.ActiveCfg = Debug|Any CPU
		{9DBD846F-3832-455E-A322-55D9BF3B2C6B}.Debug|Any CPU.Build.0 = Debug|Any CPU
		{9DBD846F-3832-455E-A322-55D9BF3B2C6B}.Release|Any CPU.ActiveCfg = Release|Any CPU
		{9DBD846F-3832-455E-A322-55D9BF3B2C6B}.Release|Any CPU.Build.0 = Release|Any CPU
		{E3146528-98BC-4817-B6FE-18FB53460198}.Debug|Any CPU.ActiveCfg = Debug|Any CPU
		{E3146528-98BC-4817-B6FE-18FB53460198}.Debug|Any CPU.Build.0 = Debug|Any CPU
		{E3146528-98BC-4817-B6FE-18FB53460198}.Release|Any CPU.ActiveCfg = Release|Any CPU
		{E3146528-98BC-4817-B6FE-18FB53460198}.Release|Any CPU.Build.0 = Release|Any CPU
		{B9F43601-F60D-4281-ADB3-F0204CDBD359}.Debug|Any CPU.ActiveCfg = Debug|Any CPU
		{B9F43601-F60D-4281-ADB3-F0204CDBD359}.Debug|Any CPU.Build.0 = Debug|Any CPU
		{B9F43601-F60D-4281-ADB3-F0204CDBD359}.Release|Any CPU.ActiveCfg = Release|Any CPU
		{B9F43601-F60D-4281-ADB3-F0204CDBD359}.Release|Any CPU.Build.0 = Release|Any CPU
		{B8107293-CF16-43EC-B94A-B295CF177E32}.Debug|Any CPU.ActiveCfg = Debug|Any CPU
		{B8107293-CF16-43EC-B94A-B295CF177E32}.Debug|Any CPU.Build.0 = Debug|Any CPU
		{B8107293-CF16-43EC-B94A-B295CF177E32}.Release|Any CPU.ActiveCfg = Release|Any CPU
		{B8107293-CF16-43EC-B94A-B295CF177E32}.Release|Any CPU.Build.0 = Release|Any CPU
	EndGlobalSection
	GlobalSection(SolutionProperties) = preSolution
		HideSolutionNode = FALSE
	EndGlobalSection
	GlobalSection(NestedProjects) = preSolution
		{3D7FFFD4-031F-42E7-B829-4C4CA8DE5D0A} = {71EE5BCE-9979-4817-9B5A-76CE85BD0BF6}
		{0BB1A38E-140B-45A8-B219-457C985416F4} = {71EE5BCE-9979-4817-9B5A-76CE85BD0BF6}
		{4D8E981A-570E-4EC1-B5CE-97E2D7FA627A} = {3DFAF08E-936A-4BDD-8D8A-A7EFED98FF8E}
		{73634369-33A8-445B-A712-FE11F5FD2AFB} = {3DFAF08E-936A-4BDD-8D8A-A7EFED98FF8E}
		{77989F0C-1EF2-499D-ACAE-8E4833A1435E} = {3D7FFFD4-031F-42E7-B829-4C4CA8DE5D0A}
		{87116718-B066-429B-B564-B9B652765545} = {0BB1A38E-140B-45A8-B219-457C985416F4}
		{A845DF9A-BF1E-4475-85F3-5A2E0F862386} = {0BB1A38E-140B-45A8-B219-457C985416F4}
		{6E460495-1BD7-45FF-A593-F0D4D48007D0} = {4D8E981A-570E-4EC1-B5CE-97E2D7FA627A}
		{9DBD846F-3832-455E-A322-55D9BF3B2C6B} = {4D8E981A-570E-4EC1-B5CE-97E2D7FA627A}
		{E3146528-98BC-4817-B6FE-18FB53460198} = {4D8E981A-570E-4EC1-B5CE-97E2D7FA627A}
		{B9F43601-F60D-4281-ADB3-F0204CDBD359} = {73634369-33A8-445B-A712-FE11F5FD2AFB}
		{B8107293-CF16-43EC-B94A-B295CF177E32} = {73634369-33A8-445B-A712-FE11F5FD2AFB}
	EndGlobalSection
	GlobalSection(ExtensibilityGlobals) = postSolution
		SolutionGuid = {9D4C1340-FBC4-4F35-944F-26237883E032}
	EndGlobalSection
EndGlobal
